// !$*UTF8*$!
{
	archiveVersion = 1;
	classes = {
	};
	objectVersion = 46;
	objects = {

/* Begin PBXBuildFile section */
		81038DC41BD61CE700235098 /* AppDelegate.swift in Sources */ = {isa = PBXBuildFile; fileRef = 81038DC31BD61CE700235098 /* AppDelegate.swift */; };
		81038DC61BD61CE700235098 /* ViewController.swift in Sources */ = {isa = PBXBuildFile; fileRef = 81038DC51BD61CE700235098 /* ViewController.swift */; };
		81038DC91BD61CE700235098 /* Main.storyboard in Resources */ = {isa = PBXBuildFile; fileRef = 81038DC71BD61CE700235098 /* Main.storyboard */; };
		81038DCB1BD61CE700235098 /* Assets.xcassets in Resources */ = {isa = PBXBuildFile; fileRef = 81038DCA1BD61CE700235098 /* Assets.xcassets */; };
		81038DCE1BD61CE700235098 /* LaunchScreen.storyboard in Resources */ = {isa = PBXBuildFile; fileRef = 81038DCC1BD61CE700235098 /* LaunchScreen.storyboard */; };
		81038DD91BD61CE700235098 /* L35ExerciseTests.swift in Sources */ = {isa = PBXBuildFile; fileRef = 81038DD81BD61CE700235098 /* L35ExerciseTests.swift */; };
		81038DE41BD61CE700235098 /* L35ExerciseUITests.swift in Sources */ = {isa = PBXBuildFile; fileRef = 81038DE31BD61CE700235098 /* L35ExerciseUITests.swift */; };
/* End PBXBuildFile section */

/* Begin PBXContainerItemProxy section */
		81038DD51BD61CE700235098 /* PBXContainerItemProxy */ = {
			isa = PBXContainerItemProxy;
			containerPortal = 81038DB81BD61CE700235098 /* Project object */;
			proxyType = 1;
			remoteGlobalIDString = 81038DBF1BD61CE700235098;
			remoteInfo = L35Exercise;
		};
		81038DE01BD61CE700235098 /* PBXContainerItemProxy */ = {
			isa = PBXContainerItemProxy;
			containerPortal = 81038DB81BD61CE700235098 /* Project object */;
			proxyType = 1;
			remoteGlobalIDString = 81038DBF1BD61CE700235098;
			remoteInfo = L35Exercise;
		};
/* End PBXContainerItemProxy section */

/* Begin PBXFileReference section */
		81038DC01BD61CE700235098 /* L35Exercise.app */ = {isa = PBXFileReference; explicitFileType = wrapper.application; includeInIndex = 0; path = L35Exercise.app; sourceTree = BUILT_PRODUCTS_DIR; };
		81038DC31BD61CE700235098 /* AppDelegate.swift */ = {isa = PBXFileReference; lastKnownFileType = sourcecode.swift; path = AppDelegate.swift; sourceTree = "<group>"; };
		81038DC51BD61CE700235098 /* ViewController.swift */ = {isa = PBXFileReference; lastKnownFileType = sourcecode.swift; path = ViewController.swift; sourceTree = "<group>"; };
		81038DC81BD61CE700235098 /* Base */ = {isa = PBXFileReference; lastKnownFileType = file.storyboard; name = Base; path = Base.lproj/Main.storyboard; sourceTree = "<group>"; };
		81038DCA1BD61CE700235098 /* Assets.xcassets */ = {isa = PBXFileReference; lastKnownFileType = folder.assetcatalog; path = Assets.xcassets; sourceTree = "<group>"; };
		81038DCD1BD61CE700235098 /* Base */ = {isa = PBXFileReference; lastKnownFileType = file.storyboard; name = Base; path = Base.lproj/LaunchScreen.storyboard; sourceTree = "<group>"; };
		81038DCF1BD61CE700235098 /* Info.plist */ = {isa = PBXFileReference; lastKnownFileType = text.plist.xml; path = Info.plist; sourceTree = "<group>"; };
		81038DD41BD61CE700235098 /* L35ExerciseTests.xctest */ = {isa = PBXFileReference; explicitFileType = wrapper.cfbundle; includeInIndex = 0; path = L35ExerciseTests.xctest; sourceTree = BUILT_PRODUCTS_DIR; };
		81038DD81BD61CE700235098 /* L35ExerciseTests.swift */ = {isa = PBXFileReference; lastKnownFileType = sourcecode.swift; path = L35ExerciseTests.swift; sourceTree = "<group>"; };
		81038DDA1BD61CE700235098 /* Info.plist */ = {isa = PBXFileReference; lastKnownFileType = text.plist.xml; path = Info.plist; sourceTree = "<group>"; };
		81038DDF1BD61CE700235098 /* L35ExerciseUITests.xctest */ = {isa = PBXFileReference; explicitFileType = wrapper.cfbundle; includeInIndex = 0; path = L35ExerciseUITests.xctest; sourceTree = BUILT_PRODUCTS_DIR; };
		81038DE31BD61CE700235098 /* L35ExerciseUITests.swift */ = {isa = PBXFileReference; lastKnownFileType = sourcecode.swift; path = L35ExerciseUITests.swift; sourceTree = "<group>"; };
		81038DE51BD61CE700235098 /* Info.plist */ = {isa = PBXFileReference; lastKnownFileType = text.plist.xml; path = Info.plist; sourceTree = "<group>"; };
/* End PBXFileReference section */

/* Begin PBXFrameworksBuildPhase section */
		81038DBD1BD61CE700235098 /* Frameworks */ = {
			isa = PBXFrameworksBuildPhase;
			buildActionMask = 2147483647;
			files = (
			);
			runOnlyForDeploymentPostprocessing = 0;
		};
		81038DD11BD61CE700235098 /* Frameworks */ = {
			isa = PBXFrameworksBuildPhase;
			buildActionMask = 2147483647;
			files = (
			);
			runOnlyForDeploymentPostprocessing = 0;
		};
		81038DDC1BD61CE700235098 /* Frameworks */ = {
			isa = PBXFrameworksBuildPhase;
			buildActionMask = 2147483647;
			files = (
			);
			runOnlyForDeploymentPostprocessing = 0;
		};
/* End PBXFrameworksBuildPhase section */

/* Begin PBXGroup section */
		81038DB71BD61CE700235098 = {
			isa = PBXGroup;
			children = (
				81038DC21BD61CE700235098 /* L35Exercise */,
				81038DD71BD61CE700235098 /* L35ExerciseTests */,
				81038DE21BD61CE700235098 /* L35ExerciseUITests */,
				81038DC11BD61CE700235098 /* Products */,
			);
			sourceTree = "<group>";
		};
		81038DC11BD61CE700235098 /* Products */ = {
			isa = PBXGroup;
			children = (
				81038DC01BD61CE700235098 /* L35Exercise.app */,
				81038DD41BD61CE700235098 /* L35ExerciseTests.xctest */,
				81038DDF1BD61CE700235098 /* L35ExerciseUITests.xctest */,
			);
			name = Products;
			sourceTree = "<group>";
		};
		81038DC21BD61CE700235098 /* L35Exercise */ = {
			isa = PBXGroup;
			children = (
				81038DC31BD61CE700235098 /* AppDelegate.swift */,
				81038DC51BD61CE700235098 /* ViewController.swift */,
				81038DC71BD61CE700235098 /* Main.storyboard */,
				81038DCA1BD61CE700235098 /* Assets.xcassets */,
				81038DCC1BD61CE700235098 /* LaunchScreen.storyboard */,
				81038DCF1BD61CE700235098 /* Info.plist */,
			);
			path = L35Exercise;
			sourceTree = "<group>";
		};
		81038DD71BD61CE700235098 /* L35ExerciseTests */ = {
			isa = PBXGroup;
			children = (
				81038DD81BD61CE700235098 /* L35ExerciseTests.swift */,
				81038DDA1BD61CE700235098 /* Info.plist */,
			);
			path = L35ExerciseTests;
			sourceTree = "<group>";
		};
		81038DE21BD61CE700235098 /* L35ExerciseUITests */ = {
			isa = PBXGroup;
			children = (
				81038DE31BD61CE700235098 /* L35ExerciseUITests.swift */,
				81038DE51BD61CE700235098 /* Info.plist */,
			);
			path = L35ExerciseUITests;
			sourceTree = "<group>";
		};
/* End PBXGroup section */

/* Begin PBXNativeTarget section */
		81038DBF1BD61CE700235098 /* L35Exercise */ = {
			isa = PBXNativeTarget;
			buildConfigurationList = 81038DE81BD61CE700235098 /* Build configuration list for PBXNativeTarget "L35Exercise" */;
			buildPhases = (
				81038DBC1BD61CE700235098 /* Sources */,
				81038DBD1BD61CE700235098 /* Frameworks */,
				81038DBE1BD61CE700235098 /* Resources */,
			);
			buildRules = (
			);
			dependencies = (
			);
			name = L35Exercise;
			productName = L35Exercise;
			productReference = 81038DC01BD61CE700235098 /* L35Exercise.app */;
			productType = "com.apple.product-type.application";
		};
		81038DD31BD61CE700235098 /* L35ExerciseTests */ = {
			isa = PBXNativeTarget;
			buildConfigurationList = 81038DEB1BD61CE700235098 /* Build configuration list for PBXNativeTarget "L35ExerciseTests" */;
			buildPhases = (
				81038DD01BD61CE700235098 /* Sources */,
				81038DD11BD61CE700235098 /* Frameworks */,
				81038DD21BD61CE700235098 /* Resources */,
			);
			buildRules = (
			);
			dependencies = (
				81038DD61BD61CE700235098 /* PBXTargetDependency */,
			);
			name = L35ExerciseTests;
			productName = L35ExerciseTests;
			productReference = 81038DD41BD61CE700235098 /* L35ExerciseTests.xctest */;
			productType = "com.apple.product-type.bundle.unit-test";
		};
		81038DDE1BD61CE700235098 /* L35ExerciseUITests */ = {
			isa = PBXNativeTarget;
			buildConfigurationList = 81038DEE1BD61CE700235098 /* Build configuration list for PBXNativeTarget "L35ExerciseUITests" */;
			buildPhases = (
				81038DDB1BD61CE700235098 /* Sources */,
				81038DDC1BD61CE700235098 /* Frameworks */,
				81038DDD1BD61CE700235098 /* Resources */,
			);
			buildRules = (
			);
			dependencies = (
				81038DE11BD61CE700235098 /* PBXTargetDependency */,
			);
			name = L35ExerciseUITests;
			productName = L35ExerciseUITests;
			productReference = 81038DDF1BD61CE700235098 /* L35ExerciseUITests.xctest */;
			productType = "com.apple.product-type.bundle.ui-testing";
		};
/* End PBXNativeTarget section */

/* Begin PBXProject section */
		81038DB81BD61CE700235098 /* Project object */ = {
			isa = PBXProject;
			attributes = {
				LastUpgradeCheck = 0700;
				ORGANIZATIONNAME = Femtolite;
				TargetAttributes = {
					81038DBF1BD61CE700235098 = {
						CreatedOnToolsVersion = 7.0.1;
					};
					81038DD31BD61CE700235098 = {
						CreatedOnToolsVersion = 7.0.1;
						TestTargetID = 81038DBF1BD61CE700235098;
					};
					81038DDE1BD61CE700235098 = {
						CreatedOnToolsVersion = 7.0.1;
						TestTargetID = 81038DBF1BD61CE700235098;
					};
				};
			};
			buildConfigurationList = 81038DBB1BD61CE700235098 /* Build configuration list for PBXProject "L35Exercise" */;
			compatibilityVersion = "Xcode 3.2";
			developmentRegion = English;
			hasScannedForEncodings = 0;
			knownRegions = (
				en,
				Base,
			);
			mainGroup = 81038DB71BD61CE700235098;
			productRefGroup = 81038DC11BD61CE700235098 /* Products */;
			projectDirPath = "";
			projectRoot = "";
			targets = (
				81038DBF1BD61CE700235098 /* L35Exercise */,
				81038DD31BD61CE700235098 /* L35ExerciseTests */,
				81038DDE1BD61CE700235098 /* L35ExerciseUITests */,
			);
		};
/* End PBXProject section */

/* Begin PBXResourcesBuildPhase section */
		81038DBE1BD61CE700235098 /* Resources */ = {
			isa = PBXResourcesBuildPhase;
			buildActionMask = 2147483647;
			files = (
				81038DCE1BD61CE700235098 /* LaunchScreen.storyboard in Resources */,
				81038DCB1BD61CE700235098 /* Assets.xcassets in Resources */,
				81038DC91BD61CE700235098 /* Main.storyboard in Resources */,
			);
			runOnlyForDeploymentPostprocessing = 0;
		};
		81038DD21BD61CE700235098 /* Resources */ = {
			isa = PBXResourcesBuildPhase;
			buildActionMask = 2147483647;
			files = (
			);
			runOnlyForDeploymentPostprocessing = 0;
		};
		81038DDD1BD61CE700235098 /* Resources */ = {
			isa = PBXResourcesBuildPhase;
			buildActionMask = 2147483647;
			files = (
			);
			runOnlyForDeploymentPostprocessing = 0;
		};
/* End PBXResourcesBuildPhase section */

/* Begin PBXSourcesBuildPhase section */
		81038DBC1BD61CE700235098 /* Sources */ = {
			isa = PBXSourcesBuildPhase;
			buildActionMask = 2147483647;
			files = (
				81038DC61BD61CE700235098 /* ViewController.swift in Sources */,
				81038DC41BD61CE700235098 /* AppDelegate.swift in Sources */,
			);
			runOnlyForDeploymentPostprocessing = 0;
		};
		81038DD01BD61CE700235098 /* Sources */ = {
			isa = PBXSourcesBuildPhase;
			buildActionMask = 2147483647;
			files = (
				81038DD91BD61CE700235098 /* L35ExerciseTests.swift in Sources */,
			);
			runOnlyForDeploymentPostprocessing = 0;
		};
		81038DDB1BD61CE700235098 /* Sources */ = {
			isa = PBXSourcesBuildPhase;
			buildActionMask = 2147483647;
			files = (
				81038DE41BD61CE700235098 /* L35ExerciseUITests.swift in Sources */,
			);
			runOnlyForDeploymentPostprocessing = 0;
		};
/* End PBXSourcesBuildPhase section */

/* Begin PBXTargetDependency section */
		81038DD61BD61CE700235098 /* PBXTargetDependency */ = {
			isa = PBXTargetDependency;
			target = 81038DBF1BD61CE700235098 /* L35Exercise */;
			targetProxy = 81038DD51BD61CE700235098 /* PBXContainerItemProxy */;
		};
		81038DE11BD61CE700235098 /* PBXTargetDependency */ = {
			isa = PBXTargetDependency;
			target = 81038DBF1BD61CE700235098 /* L35Exercise */;
			targetProxy = 81038DE01BD61CE700235098 /* PBXContainerItemProxy */;
		};
/* End PBXTargetDependency section */

/* Begin PBXVariantGroup section */
		81038DC71BD61CE700235098 /* Main.storyboard */ = {
			isa = PBXVariantGroup;
			children = (
				81038DC81BD61CE700235098 /* Base */,
			);
			name = Main.storyboard;
			sourceTree = "<group>";
		};
		81038DCC1BD61CE700235098 /* LaunchScreen.storyboard */ = {
			isa = PBXVariantGroup;
			children = (
				81038DCD1BD61CE700235098 /* Base */,
			);
			name = LaunchScreen.storyboard;
			sourceTree = "<group>";
		};
/* End PBXVariantGroup section */

/* Begin XCBuildConfiguration section */
		81038DE61BD61CE700235098 /* Debug */ = {
			isa = XCBuildConfiguration;
			buildSettings = {
				ALWAYS_SEARCH_USER_PATHS = NO;
				CLANG_CXX_LANGUAGE_STANDARD = "gnu++0x";
				CLANG_CXX_LIBRARY = "libc++";
				CLANG_ENABLE_MODULES = YES;
				CLANG_ENABLE_OBJC_ARC = YES;
				CLANG_WARN_BOOL_CONVERSION = YES;
				CLANG_WARN_CONSTANT_CONVERSION = YES;
				CLANG_WARN_DIRECT_OBJC_ISA_USAGE = YES_ERROR;
				CLANG_WARN_EMPTY_BODY = YES;
				CLANG_WARN_ENUM_CONVERSION = YES;
				CLANG_WARN_INT_CONVERSION = YES;
				CLANG_WARN_OBJC_ROOT_CLASS = YES_ERROR;
				CLANG_WARN_UNREACHABLE_CODE = YES;
				CLANG_WARN__DUPLICATE_METHOD_MATCH = YES;
				"CODE_SIGN_IDENTITY[sdk=iphoneos*]" = "iPhone Developer";
				COPY_PHASE_STRIP = NO;
				DEBUG_INFORMATION_FORMAT = dwarf;
				ENABLE_STRICT_OBJC_MSGSEND = YES;
				ENABLE_TESTABILITY = YES;
				GCC_C_LANGUAGE_STANDARD = gnu99;
				GCC_DYNAMIC_NO_PIC = NO;
				GCC_NO_COMMON_BLOCKS = YES;
				GCC_OPTIMIZATION_LEVEL = 0;
				GCC_PREPROCESSOR_DEFINITIONS = (
					"DEBUG=1",
					"$(inherited)",
				);
				GCC_WARN_64_TO_32_BIT_CONVERSION = YES;
				GCC_WARN_ABOUT_RETURN_TYPE = YES_ERROR;
				GCC_WARN_UNDECLARED_SELECTOR = YES;
				GCC_WARN_UNINITIALIZED_AUTOS = YES_AGGRESSIVE;
				GCC_WARN_UNUSED_FUNCTION = YES;
				GCC_WARN_UNUSED_VARIABLE = YES;
				IPHONEOS_DEPLOYMENT_TARGET = 9.0;
				MTL_ENABLE_DEBUG_INFO = YES;
				ONLY_ACTIVE_ARCH = YES;
				SDKROOT = iphoneos;
				SWIFT_OPTIMIZATION_LEVEL = "-Onone";
			};
			name = Debug;
		};
		81038DE71BD61CE700235098 /* Release */ = {
			isa = XCBuildConfiguration;
			buildSettings = {
				ALWAYS_SEARCH_USER_PATHS = NO;
				CLANG_CXX_LANGUAGE_STANDARD = "gnu++0x";
				CLANG_CXX_LIBRARY = "libc++";
				CLANG_ENABLE_MODULES = YES;
				CLANG_ENABLE_OBJC_ARC = YES;
				CLANG_WARN_BOOL_CONVERSION = YES;
				CLANG_WARN_CONSTANT_CONVERSION = YES;
				CLANG_WARN_DIRECT_OBJC_ISA_USAGE = YES_ERROR;
				CLANG_WARN_EMPTY_BODY = YES;
				CLANG_WARN_ENUM_CONVERSION = YES;
				CLANG_WARN_INT_CONVERSION = YES;
				CLANG_WARN_OBJC_ROOT_CLASS = YES_ERROR;
				CLANG_WARN_UNREACHABLE_CODE = YES;
				CLANG_WARN__DUPLICATE_METHOD_MATCH = YES;
				"CODE_SIGN_IDENTITY[sdk=iphoneos*]" = "iPhone Developer";
				COPY_PHASE_STRIP = NO;
				DEBUG_INFORMATION_FORMAT = "dwarf-with-dsym";
				ENABLE_NS_ASSERTIONS = NO;
				ENABLE_STRICT_OBJC_MSGSEND = YES;
				GCC_C_LANGUAGE_STANDARD = gnu99;
				GCC_NO_COMMON_BLOCKS = YES;
				GCC_WARN_64_TO_32_BIT_CONVERSION = YES;
				GCC_WARN_ABOUT_RETURN_TYPE = YES_ERROR;
				GCC_WARN_UNDECLARED_SELECTOR = YES;
				GCC_WARN_UNINITIALIZED_AUTOS = YES_AGGRESSIVE;
				GCC_WARN_UNUSED_FUNCTION = YES;
				GCC_WARN_UNUSED_VARIABLE = YES;
				IPHONEOS_DEPLOYMENT_TARGET = 9.0;
				MTL_ENABLE_DEBUG_INFO = NO;
				SDKROOT = iphoneos;
				VALIDATE_PRODUCT = YES;
			};
			name = Release;
		};
		81038DE91BD61CE700235098 /* Debug */ = {
			isa = XCBuildConfiguration;
			buildSettings = {
				ASSETCATALOG_COMPILER_APPICON_NAME = AppIcon;
				INFOPLIST_FILE = L35Exercise/Info.plist;
				LD_RUNPATH_SEARCH_PATHS = "$(inherited) @executable_path/Frameworks";
				PRODUCT_BUNDLE_IDENTIFIER = com.femtolite.L35Exercise;
				PRODUCT_NAME = "$(TARGET_NAME)";
			};
			name = Debug;
		};
		81038DEA1BD61CE700235098 /* Release */ = {
			isa = XCBuildConfiguration;
			buildSettings = {
				ASSETCATALOG_COMPILER_APPICON_NAME = AppIcon;
				INFOPLIST_FILE = L35Exercise/Info.plist;
				LD_RUNPATH_SEARCH_PATHS = "$(inherited) @executable_path/Frameworks";
				PRODUCT_BUNDLE_IDENTIFIER = com.femtolite.L35Exercise;
				PRODUCT_NAME = "$(TARGET_NAME)";
			};
			name = Release;
		};
		81038DEC1BD61CE700235098 /* Debug */ = {
			isa = XCBuildConfiguration;
			buildSettings = {
				BUNDLE_LOADER = "$(TEST_HOST)";
				INFOPLIST_FILE = L35ExerciseTests/Info.plist;
				LD_RUNPATH_SEARCH_PATHS = "$(inherited) @executable_path/Frameworks @loader_path/Frameworks";
				PRODUCT_BUNDLE_IDENTIFIER = com.femtolite.L35ExerciseTests;
				PRODUCT_NAME = "$(TARGET_NAME)";
				TEST_HOST = "$(BUILT_PRODUCTS_DIR)/L35Exercise.app/L35Exercise";
			};
			name = Debug;
		};
		81038DED1BD61CE700235098 /* Release */ = {
			isa = XCBuildConfiguration;
			buildSettings = {
				BUNDLE_LOADER = "$(TEST_HOST)";
				INFOPLIST_FILE = L35ExerciseTests/Info.plist;
				LD_RUNPATH_SEARCH_PATHS = "$(inherited) @executable_path/Frameworks @loader_path/Frameworks";
				PRODUCT_BUNDLE_IDENTIFIER = com.femtolite.L35ExerciseTests;
				PRODUCT_NAME = "$(TARGET_NAME)";
				TEST_HOST = "$(BUILT_PRODUCTS_DIR)/L35Exercise.app/L35Exercise";
			};
			name = Release;
		};
		81038DEF1BD61CE700235098 /* Debug */ = {
			isa = XCBuildConfiguration;
			buildSettings = {
				INFOPLIST_FILE = L35ExerciseUITests/Info.plist;
				LD_RUNPATH_SEARCH_PATHS = "$(inherited) @executable_path/Frameworks @loader_path/Frameworks";
				PRODUCT_BUNDLE_IDENTIFIER = com.femtolite.L35ExerciseUITests;
				PRODUCT_NAME = "$(TARGET_NAME)";
				TEST_TARGET_NAME = L35Exercise;
				USES_XCTRUNNER = YES;
			};
			name = Debug;
		};
		81038DF01BD61CE700235098 /* Release */ = {
			isa = XCBuildConfiguration;
			buildSettings = {
				INFOPLIST_FILE = L35ExerciseUITests/Info.plist;
				LD_RUNPATH_SEARCH_PATHS = "$(inherited) @executable_path/Frameworks @loader_path/Frameworks";
				PRODUCT_BUNDLE_IDENTIFIER = com.femtolite.L35ExerciseUITests;
				PRODUCT_NAME = "$(TARGET_NAME)";
				TEST_TARGET_NAME = L35Exercise;
				USES_XCTRUNNER = YES;
			};
			name = Release;
		};
/* End XCBuildConfiguration section */

/* Begin XCConfigurationList section */
		81038DBB1BD61CE700235098 /* Build configuration list for PBXProject "L35Exercise" */ = {
			isa = XCConfigurationList;
			buildConfigurations = (
				81038DE61BD61CE700235098 /* Debug */,
				81038DE71BD61CE700235098 /* Release */,
			);
			defaultConfigurationIsVisible = 0;
			defaultConfigurationName = Release;
		};
		81038DE81BD61CE700235098 /* Build configuration list for PBXNativeTarget "L35Exercise" */ = {
			isa = XCConfigurationList;
			buildConfigurations = (
				81038DE91BD61CE700235098 /* Debug */,
				81038DEA1BD61CE700235098 /* Release */,
			);
			defaultConfigurationIsVisible = 0;
		};
		81038DEB1BD61CE700235098 /* Build configuration list for PBXNativeTarget "L35ExerciseTests" */ = {
			isa = XCConfigurationList;
			buildConfigurations = (
				81038DEC1BD61CE700235098 /* Debug */,
				81038DED1BD61CE700235098 /* Release */,
			);
			defaultConfigurationIsVisible = 0;
		};
		81038DEE1BD61CE700235098 /* Build configuration list for PBXNativeTarget "L35ExerciseUITests" */ = {
			isa = XCConfigurationList;
			buildConfigurations = (
				81038DEF1BD61CE700235098 /* Debug */,
				81038DF01BD61CE700235098 /* Release */,
			);
			defaultConfigurationIsVisible = 0;
		};
/* End XCConfigurationList section */
	};
	rootObject = 81038DB81BD61CE700235098 /* Project object */;
}
